// !$*UTF8*$!
{
	archiveVersion = 1;
	classes = {
	};
	objectVersion = 50;
	objects = {

/* Begin PBXBuildFile section */
		B627EAA420B6A9DF00482E6C /* AppDelegate.m in Sources */ = {isa = PBXBuildFile; fileRef = B627EAA320B6A9DF00482E6C /* AppDelegate.m */; };
		B627EAA720B6A9DF00482E6C /* ViewController.m in Sources */ = {isa = PBXBuildFile; fileRef = B627EAA620B6A9DF00482E6C /* ViewController.m */; };
		B627EAAA20B6A9DF00482E6C /* Main.storyboard in Resources */ = {isa = PBXBuildFile; fileRef = B627EAA820B6A9DF00482E6C /* Main.storyboard */; };
		B627EAAC20B6A9E200482E6C /* Assets.xcassets in Resources */ = {isa = PBXBuildFile; fileRef = B627EAAB20B6A9E200482E6C /* Assets.xcassets */; };
		B627EAAF20B6A9E200482E6C /* LaunchScreen.storyboard in Resources */ = {isa = PBXBuildFile; fileRef = B627EAAD20B6A9E200482E6C /* LaunchScreen.storyboard */; };
		B627EAB220B6A9E200482E6C /* main.m in Sources */ = {isa = PBXBuildFile; fileRef = B627EAB120B6A9E200482E6C /* main.m */; };
		B627EABC20B6A9E200482E6C /* FastlaneDemoTests.m in Sources */ = {isa = PBXBuildFile; fileRef = B627EABB20B6A9E200482E6C /* FastlaneDemoTests.m */; };
		B627EAC720B6A9E200482E6C /* FastlaneDemoUITests.m in Sources */ = {isa = PBXBuildFile; fileRef = B627EAC620B6A9E200482E6C /* FastlaneDemoUITests.m */; };
/* End PBXBuildFile section */

/* Begin PBXContainerItemProxy section */
		B627EAB820B6A9E200482E6C /* PBXContainerItemProxy */ = {
			isa = PBXContainerItemProxy;
			containerPortal = B627EA9720B6A9DF00482E6C /* Project object */;
			proxyType = 1;
			remoteGlobalIDString = B627EA9E20B6A9DF00482E6C;
			remoteInfo = FastlaneDemo;
		};
		B627EAC320B6A9E200482E6C /* PBXContainerItemProxy */ = {
			isa = PBXContainerItemProxy;
			containerPortal = B627EA9720B6A9DF00482E6C /* Project object */;
			proxyType = 1;
			remoteGlobalIDString = B627EA9E20B6A9DF00482E6C;
			remoteInfo = FastlaneDemo;
		};
/* End PBXContainerItemProxy section */

/* Begin PBXFileReference section */
		B627EA9F20B6A9DF00482E6C /* FastlaneDemo.app */ = {isa = PBXFileReference; explicitFileType = wrapper.application; includeInIndex = 0; path = FastlaneDemo.app; sourceTree = BUILT_PRODUCTS_DIR; };
		B627EAA220B6A9DF00482E6C /* AppDelegate.h */ = {isa = PBXFileReference; lastKnownFileType = sourcecode.c.h; path = AppDelegate.h; sourceTree = "<group>"; };
		B627EAA320B6A9DF00482E6C /* AppDelegate.m */ = {isa = PBXFileReference; lastKnownFileType = sourcecode.c.objc; path = AppDelegate.m; sourceTree = "<group>"; };
		B627EAA520B6A9DF00482E6C /* ViewController.h */ = {isa = PBXFileReference; lastKnownFileType = sourcecode.c.h; path = ViewController.h; sourceTree = "<group>"; };
		B627EAA620B6A9DF00482E6C /* ViewController.m */ = {isa = PBXFileReference; lastKnownFileType = sourcecode.c.objc; path = ViewController.m; sourceTree = "<group>"; };
		B627EAA920B6A9DF00482E6C /* Base */ = {isa = PBXFileReference; lastKnownFileType = file.storyboard; name = Base; path = Base.lproj/Main.storyboard; sourceTree = "<group>"; };
		B627EAAB20B6A9E200482E6C /* Assets.xcassets */ = {isa = PBXFileReference; lastKnownFileType = folder.assetcatalog; path = Assets.xcassets; sourceTree = "<group>"; };
		B627EAAE20B6A9E200482E6C /* Base */ = {isa = PBXFileReference; lastKnownFileType = file.storyboard; name = Base; path = Base.lproj/LaunchScreen.storyboard; sourceTree = "<group>"; };
		B627EAB020B6A9E200482E6C /* Info.plist */ = {isa = PBXFileReference; lastKnownFileType = text.plist.xml; path = Info.plist; sourceTree = "<group>"; };
		B627EAB120B6A9E200482E6C /* main.m */ = {isa = PBXFileReference; lastKnownFileType = sourcecode.c.objc; path = main.m; sourceTree = "<group>"; };
		B627EAB720B6A9E200482E6C /* FastlaneDemoTests.xctest */ = {isa = PBXFileReference; explicitFileType = wrapper.cfbundle; includeInIndex = 0; path = FastlaneDemoTests.xctest; sourceTree = BUILT_PRODUCTS_DIR; };
		B627EABB20B6A9E200482E6C /* FastlaneDemoTests.m */ = {isa = PBXFileReference; lastKnownFileType = sourcecode.c.objc; path = FastlaneDemoTests.m; sourceTree = "<group>"; };
		B627EABD20B6A9E200482E6C /* Info.plist */ = {isa = PBXFileReference; lastKnownFileType = text.plist.xml; path = Info.plist; sourceTree = "<group>"; };
		B627EAC220B6A9E200482E6C /* FastlaneDemoUITests.xctest */ = {isa = PBXFileReference; explicitFileType = wrapper.cfbundle; includeInIndex = 0; path = FastlaneDemoUITests.xctest; sourceTree = BUILT_PRODUCTS_DIR; };
		B627EAC620B6A9E200482E6C /* FastlaneDemoUITests.m */ = {isa = PBXFileReference; lastKnownFileType = sourcecode.c.objc; path = FastlaneDemoUITests.m; sourceTree = "<group>"; };
		B627EAC820B6A9E200482E6C /* Info.plist */ = {isa = PBXFileReference; lastKnownFileType = text.plist.xml; path = Info.plist; sourceTree = "<group>"; };
/* End PBXFileReference section */

/* Begin PBXFrameworksBuildPhase section */
		B627EA9C20B6A9DF00482E6C /* Frameworks */ = {
			isa = PBXFrameworksBuildPhase;
			buildActionMask = 2147483647;
			files = (
			);
			runOnlyForDeploymentPostprocessing = 0;
		};
		B627EAB420B6A9E200482E6C /* Frameworks */ = {
			isa = PBXFrameworksBuildPhase;
			buildActionMask = 2147483647;
			files = (
			);
			runOnlyForDeploymentPostprocessing = 0;
		};
		B627EABF20B6A9E200482E6C /* Frameworks */ = {
			isa = PBXFrameworksBuildPhase;
			buildActionMask = 2147483647;
			files = (
			);
			runOnlyForDeploymentPostprocessing = 0;
		};
/* End PBXFrameworksBuildPhase section */

/* Begin PBXGroup section */
		B627EA9620B6A9DF00482E6C = {
			isa = PBXGroup;
			children = (
				B627EAA120B6A9DF00482E6C /* FastlaneDemo */,
				B627EABA20B6A9E200482E6C /* FastlaneDemoTests */,
				B627EAC520B6A9E200482E6C /* FastlaneDemoUITests */,
				B627EAA020B6A9DF00482E6C /* Products */,
			);
			sourceTree = "<group>";
		};
		B627EAA020B6A9DF00482E6C /* Products */ = {
			isa = PBXGroup;
			children = (
				B627EA9F20B6A9DF00482E6C /* FastlaneDemo.app */,
				B627EAB720B6A9E200482E6C /* FastlaneDemoTests.xctest */,
				B627EAC220B6A9E200482E6C /* FastlaneDemoUITests.xctest */,
			);
			name = Products;
			sourceTree = "<group>";
		};
		B627EAA120B6A9DF00482E6C /* FastlaneDemo */ = {
			isa = PBXGroup;
			children = (
				B627EAA220B6A9DF00482E6C /* AppDelegate.h */,
				B627EAA320B6A9DF00482E6C /* AppDelegate.m */,
				B627EAA520B6A9DF00482E6C /* ViewController.h */,
				B627EAA620B6A9DF00482E6C /* ViewController.m */,
				B627EAA820B6A9DF00482E6C /* Main.storyboard */,
				B627EAAB20B6A9E200482E6C /* Assets.xcassets */,
				B627EAAD20B6A9E200482E6C /* LaunchScreen.storyboard */,
				B627EAB020B6A9E200482E6C /* Info.plist */,
				B627EAB120B6A9E200482E6C /* main.m */,
			);
			path = FastlaneDemo;
			sourceTree = "<group>";
		};
		B627EABA20B6A9E200482E6C /* FastlaneDemoTests */ = {
			isa = PBXGroup;
			children = (
				B627EABB20B6A9E200482E6C /* FastlaneDemoTests.m */,
				B627EABD20B6A9E200482E6C /* Info.plist */,
			);
			path = FastlaneDemoTests;
			sourceTree = "<group>";
		};
		B627EAC520B6A9E200482E6C /* FastlaneDemoUITests */ = {
			isa = PBXGroup;
			children = (
				B627EAC620B6A9E200482E6C /* FastlaneDemoUITests.m */,
				B627EAC820B6A9E200482E6C /* Info.plist */,
			);
			path = FastlaneDemoUITests;
			sourceTree = "<group>";
		};
/* End PBXGroup section */

/* Begin PBXNativeTarget section */
		B627EA9E20B6A9DF00482E6C /* FastlaneDemo */ = {
			isa = PBXNativeTarget;
			buildConfigurationList = B627EACB20B6A9E200482E6C /* Build configuration list for PBXNativeTarget "FastlaneDemo" */;
			buildPhases = (
				B627EA9B20B6A9DF00482E6C /* Sources */,
				B627EA9C20B6A9DF00482E6C /* Frameworks */,
				B627EA9D20B6A9DF00482E6C /* Resources */,
			);
			buildRules = (
			);
			dependencies = (
			);
			name = FastlaneDemo;
			productName = FastlaneDemo;
			productReference = B627EA9F20B6A9DF00482E6C /* FastlaneDemo.app */;
			productType = "com.apple.product-type.application";
		};
		B627EAB620B6A9E200482E6C /* FastlaneDemoTests */ = {
			isa = PBXNativeTarget;
			buildConfigurationList = B627EACE20B6A9E200482E6C /* Build configuration list for PBXNativeTarget "FastlaneDemoTests" */;
			buildPhases = (
				B627EAB320B6A9E200482E6C /* Sources */,
				B627EAB420B6A9E200482E6C /* Frameworks */,
				B627EAB520B6A9E200482E6C /* Resources */,
			);
			buildRules = (
			);
			dependencies = (
				B627EAB920B6A9E200482E6C /* PBXTargetDependency */,
			);
			name = FastlaneDemoTests;
			productName = FastlaneDemoTests;
			productReference = B627EAB720B6A9E200482E6C /* FastlaneDemoTests.xctest */;
			productType = "com.apple.product-type.bundle.unit-test";
		};
		B627EAC120B6A9E200482E6C /* FastlaneDemoUITests */ = {
			isa = PBXNativeTarget;
			buildConfigurationList = B627EAD120B6A9E200482E6C /* Build configuration list for PBXNativeTarget "FastlaneDemoUITests" */;
			buildPhases = (
				B627EABE20B6A9E200482E6C /* Sources */,
				B627EABF20B6A9E200482E6C /* Frameworks */,
				B627EAC020B6A9E200482E6C /* Resources */,
			);
			buildRules = (
			);
			dependencies = (
				B627EAC420B6A9E200482E6C /* PBXTargetDependency */,
			);
			name = FastlaneDemoUITests;
			productName = FastlaneDemoUITests;
			productReference = B627EAC220B6A9E200482E6C /* FastlaneDemoUITests.xctest */;
			productType = "com.apple.product-type.bundle.ui-testing";
		};
/* End PBXNativeTarget section */

/* Begin PBXProject section */
		B627EA9720B6A9DF00482E6C /* Project object */ = {
			isa = PBXProject;
			attributes = {
				LastUpgradeCheck = 0930;
				ORGANIZATIONNAME = zhongxueyu;
				TargetAttributes = {
					B627EA9E20B6A9DF00482E6C = {
						CreatedOnToolsVersion = 9.3;
					};
					B627EAB620B6A9E200482E6C = {
						CreatedOnToolsVersion = 9.3;
						TestTargetID = B627EA9E20B6A9DF00482E6C;
					};
					B627EAC120B6A9E200482E6C = {
						CreatedOnToolsVersion = 9.3;
						TestTargetID = B627EA9E20B6A9DF00482E6C;
					};
				};
			};
			buildConfigurationList = B627EA9A20B6A9DF00482E6C /* Build configuration list for PBXProject "FastlaneDemo" */;
			compatibilityVersion = "Xcode 9.3";
			developmentRegion = en;
			hasScannedForEncodings = 0;
			knownRegions = (
				en,
				Base,
			);
			mainGroup = B627EA9620B6A9DF00482E6C;
			productRefGroup = B627EAA020B6A9DF00482E6C /* Products */;
			projectDirPath = "";
			projectRoot = "";
			targets = (
				B627EA9E20B6A9DF00482E6C /* FastlaneDemo */,
				B627EAB620B6A9E200482E6C /* FastlaneDemoTests */,
				B627EAC120B6A9E200482E6C /* FastlaneDemoUITests */,
			);
		};
/* End PBXProject section */

/* Begin PBXResourcesBuildPhase section */
		B627EA9D20B6A9DF00482E6C /* Resources */ = {
			isa = PBXResourcesBuildPhase;
			buildActionMask = 2147483647;
			files = (
				B627EAAF20B6A9E200482E6C /* LaunchScreen.storyboard in Resources */,
				B627EAAC20B6A9E200482E6C /* Assets.xcassets in Resources */,
				B627EAAA20B6A9DF00482E6C /* Main.storyboard in Resources */,
			);
			runOnlyForDeploymentPostprocessing = 0;
		};
		B627EAB520B6A9E200482E6C /* Resources */ = {
			isa = PBXResourcesBuildPhase;
			buildActionMask = 2147483647;
			files = (
			);
			runOnlyForDeploymentPostprocessing = 0;
		};
		B627EAC020B6A9E200482E6C /* Resources */ = {
			isa = PBXResourcesBuildPhase;
			buildActionMask = 2147483647;
			files = (
			);
			runOnlyForDeploymentPostprocessing = 0;
		};
/* End PBXResourcesBuildPhase section */

/* Begin PBXSourcesBuildPhase section */
		B627EA9B20B6A9DF00482E6C /* Sources */ = {
			isa = PBXSourcesBuildPhase;
			buildActionMask = 2147483647;
			files = (
				B627EAA720B6A9DF00482E6C /* ViewController.m in Sources */,
				B627EAB220B6A9E200482E6C /* main.m in Sources */,
				B627EAA420B6A9DF00482E6C /* AppDelegate.m in Sources */,
			);
			runOnlyForDeploymentPostprocessing = 0;
		};
		B627EAB320B6A9E200482E6C /* Sources */ = {
			isa = PBXSourcesBuildPhase;
			buildActionMask = 2147483647;
			files = (
				B627EABC20B6A9E200482E6C /* FastlaneDemoTests.m in Sources */,
			);
			runOnlyForDeploymentPostprocessing = 0;
		};
		B627EABE20B6A9E200482E6C /* Sources */ = {
			isa = PBXSourcesBuildPhase;
			buildActionMask = 2147483647;
			files = (
				B627EAC720B6A9E200482E6C /* FastlaneDemoUITests.m in Sources */,
			);
			runOnlyForDeploymentPostprocessing = 0;
		};
/* End PBXSourcesBuildPhase section */

/* Begin PBXTargetDependency section */
		B627EAB920B6A9E200482E6C /* PBXTargetDependency */ = {
			isa = PBXTargetDependency;
			target = B627EA9E20B6A9DF00482E6C /* FastlaneDemo */;
			targetProxy = B627EAB820B6A9E200482E6C /* PBXContainerItemProxy */;
		};
		B627EAC420B6A9E200482E6C /* PBXTargetDependency */ = {
			isa = PBXTargetDependency;
			target = B627EA9E20B6A9DF00482E6C /* FastlaneDemo */;
			targetProxy = B627EAC320B6A9E200482E6C /* PBXContainerItemProxy */;
		};
/* End PBXTargetDependency section */

/* Begin PBXVariantGroup section */
		B627EAA820B6A9DF00482E6C /* Main.storyboard */ = {
			isa = PBXVariantGroup;
			children = (
				B627EAA920B6A9DF00482E6C /* Base */,
			);
			name = Main.storyboard;
			sourceTree = "<group>";
		};
		B627EAAD20B6A9E200482E6C /* LaunchScreen.storyboard */ = {
			isa = PBXVariantGroup;
			children = (
				B627EAAE20B6A9E200482E6C /* Base */,
			);
			name = LaunchScreen.storyboard;
			sourceTree = "<group>";
		};
/* End PBXVariantGroup section */

/* Begin XCBuildConfiguration section */
		B627EAC920B6A9E200482E6C /* Debug */ = {
			isa = XCBuildConfiguration;
			buildSettings = {
				ALWAYS_SEARCH_USER_PATHS = NO;
				CLANG_ANALYZER_NONNULL = YES;
				CLANG_ANALYZER_NUMBER_OBJECT_CONVERSION = YES_AGGRESSIVE;
				CLANG_CXX_LANGUAGE_STANDARD = "gnu++14";
				CLANG_CXX_LIBRARY = "libc++";
				CLANG_ENABLE_MODULES = YES;
				CLANG_ENABLE_OBJC_ARC = YES;
				CLANG_ENABLE_OBJC_WEAK = YES;
				CLANG_WARN_BLOCK_CAPTURE_AUTORELEASING = YES;
				CLANG_WARN_BOOL_CONVERSION = YES;
				CLANG_WARN_COMMA = YES;
				CLANG_WARN_CONSTANT_CONVERSION = YES;
				CLANG_WARN_DEPRECATED_OBJC_IMPLEMENTATIONS = YES;
				CLANG_WARN_DIRECT_OBJC_ISA_USAGE = YES_ERROR;
				CLANG_WARN_DOCUMENTATION_COMMENTS = YES;
				CLANG_WARN_EMPTY_BODY = YES;
				CLANG_WARN_ENUM_CONVERSION = YES;
				CLANG_WARN_INFINITE_RECURSION = YES;
				CLANG_WARN_INT_CONVERSION = YES;
				CLANG_WARN_NON_LITERAL_NULL_CONVERSION = YES;
				CLANG_WARN_OBJC_IMPLICIT_RETAIN_SELF = YES;
				CLANG_WARN_OBJC_LITERAL_CONVERSION = YES;
				CLANG_WARN_OBJC_ROOT_CLASS = YES_ERROR;
				CLANG_WARN_RANGE_LOOP_ANALYSIS = YES;
				CLANG_WARN_STRICT_PROTOTYPES = YES;
				CLANG_WARN_SUSPICIOUS_MOVE = YES;
				CLANG_WARN_UNGUARDED_AVAILABILITY = YES_AGGRESSIVE;
				CLANG_WARN_UNREACHABLE_CODE = YES;
				CLANG_WARN__DUPLICATE_METHOD_MATCH = YES;
				CODE_SIGN_IDENTITY = "iPhone Developer";
				COPY_PHASE_STRIP = NO;
				DEBUG_INFORMATION_FORMAT = dwarf;
				ENABLE_STRICT_OBJC_MSGSEND = YES;
				ENABLE_TESTABILITY = YES;
				GCC_C_LANGUAGE_STANDARD = gnu11;
				GCC_DYNAMIC_NO_PIC = NO;
				GCC_NO_COMMON_BLOCKS = YES;
				GCC_OPTIMIZATION_LEVEL = 0;
				GCC_PREPROCESSOR_DEFINITIONS = (
					"DEBUG=1",
					"$(inherited)",
				);
				GCC_WARN_64_TO_32_BIT_CONVERSION = YES;
				GCC_WARN_ABOUT_RETURN_TYPE = YES_ERROR;
				GCC_WARN_UNDECLARED_SELECTOR = YES;
				GCC_WARN_UNINITIALIZED_AUTOS = YES_AGGRESSIVE;
				GCC_WARN_UNUSED_FUNCTION = YES;
				GCC_WARN_UNUSED_VARIABLE = YES;
				IPHONEOS_DEPLOYMENT_TARGET = 11.3;
				MTL_ENABLE_DEBUG_INFO = YES;
				ONLY_ACTIVE_ARCH = YES;
				SDKROOT = iphoneos;
			};
			name = Debug;
		};
		B627EACA20B6A9E200482E6C /* Release */ = {
			isa = XCBuildConfiguration;
			buildSettings = {
				ALWAYS_SEARCH_USER_PATHS = NO;
				CLANG_ANALYZER_NONNULL = YES;
				CLANG_ANALYZER_NUMBER_OBJECT_CONVERSION = YES_AGGRESSIVE;
				CLANG_CXX_LANGUAGE_STANDARD = "gnu++14";
				CLANG_CXX_LIBRARY = "libc++";
				CLANG_ENABLE_MODULES = YES;
				CLANG_ENABLE_OBJC_ARC = YES;
				CLANG_ENABLE_OBJC_WEAK = YES;
				CLANG_WARN_BLOCK_CAPTURE_AUTORELEASING = YES;
				CLANG_WARN_BOOL_CONVERSION = YES;
				CLANG_WARN_COMMA = YES;
				CLANG_WARN_CONSTANT_CONVERSION = YES;
				CLANG_WARN_DEPRECATED_OBJC_IMPLEMENTATIONS = YES;
				CLANG_WARN_DIRECT_OBJC_ISA_USAGE = YES_ERROR;
				CLANG_WARN_DOCUMENTATION_COMMENTS = YES;
				CLANG_WARN_EMPTY_BODY = YES;
				CLANG_WARN_ENUM_CONVERSION = YES;
				CLANG_WARN_INFINITE_RECURSION = YES;
				CLANG_WARN_INT_CONVERSION = YES;
				CLANG_WARN_NON_LITERAL_NULL_CONVERSION = YES;
				CLANG_WARN_OBJC_IMPLICIT_RETAIN_SELF = YES;
				CLANG_WARN_OBJC_LITERAL_CONVERSION = YES;
				CLANG_WARN_OBJC_ROOT_CLASS = YES_ERROR;
				CLANG_WARN_RANGE_LOOP_ANALYSIS = YES;
				CLANG_WARN_STRICT_PROTOTYPES = YES;
				CLANG_WARN_SUSPICIOUS_MOVE = YES;
				CLANG_WARN_UNGUARDED_AVAILABILITY = YES_AGGRESSIVE;
				CLANG_WARN_UNREACHABLE_CODE = YES;
				CLANG_WARN__DUPLICATE_METHOD_MATCH = YES;
				CODE_SIGN_IDENTITY = "iPhone Developer";
				COPY_PHASE_STRIP = NO;
				DEBUG_INFORMATION_FORMAT = "dwarf-with-dsym";
				ENABLE_NS_ASSERTIONS = NO;
				ENABLE_STRICT_OBJC_MSGSEND = YES;
				GCC_C_LANGUAGE_STANDARD = gnu11;
				GCC_NO_COMMON_BLOCKS = YES;
				GCC_WARN_64_TO_32_BIT_CONVERSION = YES;
				GCC_WARN_ABOUT_RETURN_TYPE = YES_ERROR;
				GCC_WARN_UNDECLARED_SELECTOR = YES;
				GCC_WARN_UNINITIALIZED_AUTOS = YES_AGGRESSIVE;
				GCC_WARN_UNUSED_FUNCTION = YES;
				GCC_WARN_UNUSED_VARIABLE = YES;
				IPHONEOS_DEPLOYMENT_TARGET = 11.3;
				MTL_ENABLE_DEBUG_INFO = NO;
				SDKROOT = iphoneos;
				VALIDATE_PRODUCT = YES;
			};
			name = Release;
		};
		B627EACC20B6A9E200482E6C /* Debug */ = {
			isa = XCBuildConfiguration;
			buildSettings = {
				ASSETCATALOG_COMPILER_APPICON_NAME = AppIcon;
				CODE_SIGN_STYLE = Automatic;
				INFOPLIST_FILE = FastlaneDemo/Info.plist;
				LD_RUNPATH_SEARCH_PATHS = (
					"$(inherited)",
					"@executable_path/Frameworks",
				);
				PRODUCT_BUNDLE_IDENTIFIER = zhongxueyu.FastlaneDemo;
				PRODUCT_NAME = "$(TARGET_NAME)";
				TARGETED_DEVICE_FAMILY = "1,2";
			};
			name = Debug;
		};
		B627EACD20B6A9E200482E6C /* Release */ = {
			isa = XCBuildConfiguration;
			buildSettings = {
				ASSETCATALOG_COMPILER_APPICON_NAME = AppIcon;
				CODE_SIGN_STYLE = Automatic;
				INFOPLIST_FILE = FastlaneDemo/Info.plist;
				LD_RUNPATH_SEARCH_PATHS = (
					"$(inherited)",
					"@executable_path/Frameworks",
				);
				PRODUCT_BUNDLE_IDENTIFIER = zhongxueyu.FastlaneDemo;
				PRODUCT_NAME = "$(TARGET_NAME)";
				TARGETED_DEVICE_FAMILY = "1,2";
			};
			name = Release;
		};
		B627EACF20B6A9E200482E6C /* Debug */ = {
			isa = XCBuildConfiguration;
			buildSettings = {
				BUNDLE_LOADER = "$(TEST_HOST)";
				CODE_SIGN_STYLE = Automatic;
				INFOPLIST_FILE = FastlaneDemoTests/Info.plist;
				LD_RUNPATH_SEARCH_PATHS = (
					"$(inherited)",
					"@executable_path/Frameworks",
					"@loader_path/Frameworks",
				);
				PRODUCT_BUNDLE_IDENTIFIER = zhongxueyu.FastlaneDemoTests;
				PRODUCT_NAME = "$(TARGET_NAME)";
				TARGETED_DEVICE_FAMILY = "1,2";
				TEST_HOST = "$(BUILT_PRODUCTS_DIR)/FastlaneDemo.app/FastlaneDemo";
			};
			name = Debug;
		};
		B627EAD020B6A9E200482E6C /* Release */ = {
			isa = XCBuildConfiguration;
			buildSettings = {
				BUNDLE_LOADER = "$(TEST_HOST)";
				CODE_SIGN_STYLE = Automatic;
				INFOPLIST_FILE = FastlaneDemoTests/Info.plist;
				LD_RUNPATH_SEARCH_PATHS = (
					"$(inherited)",
					"@executable_path/Frameworks",
					"@loader_path/Frameworks",
				);
				PRODUCT_BUNDLE_IDENTIFIER = zhongxueyu.FastlaneDemoTests;
				PRODUCT_NAME = "$(TARGET_NAME)";
				TARGETED_DEVICE_FAMILY = "1,2";
				TEST_HOST = "$(BUILT_PRODUCTS_DIR)/FastlaneDemo.app/FastlaneDemo";
			};
			name = Release;
		};
		B627EAD220B6A9E200482E6C /* Debug */ = {
			isa = XCBuildConfiguration;
			buildSettings = {
				CODE_SIGN_STYLE = Automatic;
				INFOPLIST_FILE = FastlaneDemoUITests/Info.plist;
				LD_RUNPATH_SEARCH_PATHS = (
					"$(inherited)",
					"@executable_path/Frameworks",
					"@loader_path/Frameworks",
				);
				PRODUCT_BUNDLE_IDENTIFIER = zhongxueyu.FastlaneDemoUITests;
				PRODUCT_NAME = "$(TARGET_NAME)";
				TARGETED_DEVICE_FAMILY = "1,2";
				TEST_TARGET_NAME = FastlaneDemo;
			};
			name = Debug;
		};
		B627EAD320B6A9E200482E6C /* Release */ = {
			isa = XCBuildConfiguration;
			buildSettings = {
				CODE_SIGN_STYLE = Automatic;
				INFOPLIST_FILE = FastlaneDemoUITests/Info.plist;
				LD_RUNPATH_SEARCH_PATHS = (
					"$(inherited)",
					"@executable_path/Frameworks",
					"@loader_path/Frameworks",
				);
				PRODUCT_BUNDLE_IDENTIFIER = zhongxueyu.FastlaneDemoUITests;
				PRODUCT_NAME = "$(TARGET_NAME)";
				TARGETED_DEVICE_FAMILY = "1,2";
				TEST_TARGET_NAME = FastlaneDemo;
			};
			name = Release;
		};
/* End XCBuildConfiguration section */

/* Begin XCConfigurationList section */
		B627EA9A20B6A9DF00482E6C /* Build configuration list for PBXProject "FastlaneDemo" */ = {
			isa = XCConfigurationList;
			buildConfigurations = (
				B627EAC920B6A9E200482E6C /* Debug */,
				B627EACA20B6A9E200482E6C /* Release */,
			);
			defaultConfigurationIsVisible = 0;
			defaultConfigurationName = Release;
		};
		B627EACB20B6A9E200482E6C /* Build configuration list for PBXNativeTarget "FastlaneDemo" */ = {
			isa = XCConfigurationList;
			buildConfigurations = (
				B627EACC20B6A9E200482E6C /* Debug */,
				B627EACD20B6A9E200482E6C /* Release */,
			);
			defaultConfigurationIsVisible = 0;
			defaultConfigurationName = Release;
		};
		B627EACE20B6A9E200482E6C /* Build configuration list for PBXNativeTarget "FastlaneDemoTests" */ = {
			isa = XCConfigurationList;
			buildConfigurations = (
				B627EACF20B6A9E200482E6C /* Debug */,
				B627EAD020B6A9E200482E6C /* Release */,
			);
			defaultConfigurationIsVisible = 0;
			defaultConfigurationName = Release;
		};
		B627EAD120B6A9E200482E6C /* Build configuration list for PBXNativeTarget "FastlaneDemoUITests" */ = {
			isa = XCConfigurationList;
			buildConfigurations = (
				B627EAD220B6A9E200482E6C /* Debug */,
				B627EAD320B6A9E200482E6C /* Release */,
			);
			defaultConfigurationIsVisible = 0;
			defaultConfigurationName = Release;
		};
/* End XCConfigurationList section */
	};
	rootObject = B627EA9720B6A9DF00482E6C /* Project object */;
}
